PODS:
  - FaceLiveness (3.1.9):
    - iProov (= 11.0.2)
  - iProov (11.0.2)

DEPENDENCIES:
  - FaceLiveness (~> 3.1.9)

SPEC REPOS:
  https://github.com/combateafraude/iOS.git:
    - FaceLiveness
  trunk:
    - iProov

SPEC CHECKSUMS:
  FaceLiveness: 600cad2667a5d412112404b2a401be6c9ce50d4e
  iProov: 728c99d21f8e25774366b4077841cd2c8e4932c1

PODFILE CHECKSUM: 09ef7013dcfe805f961ff6ed7366cf2687f47f0d

COCOAPODS: 1.14.3
